
Microsoft Visual Studio Solution File, Format Version 12.00
# Visual Studio Version 16
VisualStudioVersion = 16.0.29418.71
MinimumVisualStudioVersion = 10.0.40219.1
Project("{FAE04EC0-301F-11D3-BF4B-00C04F79EFBC}") = "AlgoShowcase.Sorting", "AlgoShowcase.Sorting\AlgoShowcase.Sorting.csproj", "{B0AD1041-0D65-408D-B731-EF74BCC6A1E5}"
EndProject
Global
	GlobalSection(SolutionConfigurationPlatforms) = preSolution
		Debug|Any CPU = Debug|Any CPU
		Release|Any CPU = Release|Any CPU
	EndGlobalSection
	GlobalSection(ProjectConfigurationPlatforms) = postSolution
		{B0AD1041-0D65-408D-B731-EF74BCC6A1E5}.Debug|Any CPU.ActiveCfg = Debug|Any CPU
		{B0AD1041-0D65-408D-B731-EF74BCC6A1E5}.Debug|Any CPU.Build.0 = Debug|Any CPU
		{B0AD1041-0D65-408D-B731-EF74BCC6A1E5}.Release|Any CPU.ActiveCfg = Release|Any CPU
		{B0AD1041-0D65-408D-B731-EF74BCC6A1E5}.Release|Any CPU.Build.0 = Release|Any CPU
	EndGlobalSection
	GlobalSection(SolutionProperties) = preSolution
		HideSolutionNode = FALSE
	EndGlobalSection
	GlobalSection(ExtensibilityGlobals) = postSolution
		SolutionGuid = {823B55C9-9508-4B05-BAC7-FB99462FA9C2}
	EndGlobalSection
EndGlobal
